
Microsoft Visual Studio Solution File, Format Version 12.00
Project("{FAE04EC0-301F-11D3-BF4B-00C04F79EFBC}") = "HtmlProgrammingLanguage", "HtmlProgrammingLanguage\HtmlProgrammingLanguage.csproj", "{583D9BFB-AC17-43FE-A97A-D156DBCA483F}"
EndProject
Project("{FAE04EC0-301F-11D3-BF4B-00C04F79EFBC}") = "HtmlProgrammingLanguage.Tests", "HtmlProgrammingLanguage.Tests\HtmlProgrammingLanguage.Tests.csproj", "{B970846E-0CCA-4697-8C64-460669129365}"
EndProject
Global
	GlobalSection(SolutionConfigurationPlatforms) = preSolution
		Debug|Any CPU = Debug|Any CPU
		Release|Any CPU = Release|Any CPU
	EndGlobalSection
	GlobalSection(ProjectConfigurationPlatforms) = postSolution
		{583D9BFB-AC17-43FE-A97A-D156DBCA483F}.Debug|Any CPU.ActiveCfg = Debug|Any CPU
		{583D9BFB-AC17-43FE-A97A-D156DBCA483F}.Debug|Any CPU.Build.0 = Debug|Any CPU
		{583D9BFB-AC17-43FE-A97A-D156DBCA483F}.Release|Any CPU.ActiveCfg = Release|Any CPU
		{583D9BFB-AC17-43FE-A97A-D156DBCA483F}.Release|Any CPU.Build.0 = Release|Any CPU
		{B970846E-0CCA-4697-8C64-460669129365}.Debug|Any CPU.ActiveCfg = Debug|Any CPU
		{B970846E-0CCA-4697-8C64-460669129365}.Debug|Any CPU.Build.0 = Debug|Any CPU
		{B970846E-0CCA-4697-8C64-460669129365}.Release|Any CPU.ActiveCfg = Release|Any CPU
		{B970846E-0CCA-4697-8C64-460669129365}.Release|Any CPU.Build.0 = Release|Any CPU
	EndGlobalSection
EndGlobal
