
Microsoft Visual Studio Solution File, Format Version 12.00
Project("{FAE04EC0-301F-11D3-BF4B-00C04F79EFBC}") = "Angular", "Angular\Angular.csproj", "{777E9141-62F2-473E-9FB9-103B45717E84}"
EndProject
Global
	GlobalSection(SolutionConfigurationPlatforms) = preSolution
		Debug|Any CPU = Debug|Any CPU
		Release|Any CPU = Release|Any CPU
	EndGlobalSection
	GlobalSection(ProjectConfigurationPlatforms) = postSolution
		{777E9141-62F2-473E-9FB9-103B45717E84}.Debug|Any CPU.ActiveCfg = Debug|Any CPU
		{777E9141-62F2-473E-9FB9-103B45717E84}.Debug|Any CPU.Build.0 = Debug|Any CPU
		{777E9141-62F2-473E-9FB9-103B45717E84}.Release|Any CPU.ActiveCfg = Release|Any CPU
		{777E9141-62F2-473E-9FB9-103B45717E84}.Release|Any CPU.Build.0 = Release|Any CPU
	EndGlobalSection
EndGlobal
