
Microsoft Visual Studio Solution File, Format Version 12.00
Project("{FAE04EC0-301F-11D3-BF4B-00C04F79EFBC}") = "Invalidation", "Invalidation\Invalidation.csproj", "{64A7F4FC-9DE5-4B57-B5BB-D4AD5F5AF379}"
EndProject
Project("{FAE04EC0-301F-11D3-BF4B-00C04F79EFBC}") = "Revocation", "Revocation\Revocation.csproj", "{2030AA4B-3976-4238-BF96-5B101249FBEA}"
EndProject
Global
	GlobalSection(SolutionConfigurationPlatforms) = preSolution
		Debug|Any CPU = Debug|Any CPU
		Release|Any CPU = Release|Any CPU
	EndGlobalSection
	GlobalSection(ProjectConfigurationPlatforms) = postSolution
		{64A7F4FC-9DE5-4B57-B5BB-D4AD5F5AF379}.Debug|Any CPU.ActiveCfg = Debug|Any CPU
		{64A7F4FC-9DE5-4B57-B5BB-D4AD5F5AF379}.Debug|Any CPU.Build.0 = Debug|Any CPU
		{64A7F4FC-9DE5-4B57-B5BB-D4AD5F5AF379}.Release|Any CPU.ActiveCfg = Release|Any CPU
		{64A7F4FC-9DE5-4B57-B5BB-D4AD5F5AF379}.Release|Any CPU.Build.0 = Release|Any CPU
		{2030AA4B-3976-4238-BF96-5B101249FBEA}.Debug|Any CPU.ActiveCfg = Debug|Any CPU
		{2030AA4B-3976-4238-BF96-5B101249FBEA}.Debug|Any CPU.Build.0 = Debug|Any CPU
		{2030AA4B-3976-4238-BF96-5B101249FBEA}.Release|Any CPU.ActiveCfg = Release|Any CPU
		{2030AA4B-3976-4238-BF96-5B101249FBEA}.Release|Any CPU.Build.0 = Release|Any CPU
	EndGlobalSection
EndGlobal
