
Microsoft Visual Studio Solution File, Format Version 12.00
Project("{FAE04EC0-301F-11D3-BF4B-00C04F79EFBC}") = "IdentityManagement", "IdentityManagement\IdentityManagement.csproj", "{62B310A7-2949-42E4-96A7-031F261FA06E}"
EndProject
Global
	GlobalSection(SolutionConfigurationPlatforms) = preSolution
		Debug|Any CPU = Debug|Any CPU
		Release|Any CPU = Release|Any CPU
	EndGlobalSection
	GlobalSection(ProjectConfigurationPlatforms) = postSolution
		{62B310A7-2949-42E4-96A7-031F261FA06E}.Debug|Any CPU.ActiveCfg = Debug|Any CPU
		{62B310A7-2949-42E4-96A7-031F261FA06E}.Debug|Any CPU.Build.0 = Debug|Any CPU
		{62B310A7-2949-42E4-96A7-031F261FA06E}.Release|Any CPU.ActiveCfg = Release|Any CPU
		{62B310A7-2949-42E4-96A7-031F261FA06E}.Release|Any CPU.Build.0 = Release|Any CPU
	EndGlobalSection
EndGlobal
