
Microsoft Visual Studio Solution File, Format Version 12.00
Project("{FAE04EC0-301F-11D3-BF4B-00C04F79EFBC}") = "Identity", "Identity\Identity.csproj", "{64D60097-5D41-4490-B595-1D2ED6BCC61C}"
EndProject
Project("{FAE04EC0-301F-11D3-BF4B-00C04F79EFBC}") = "App", "App\App.csproj", "{CE66950A-E5A4-4EA7-8D73-08FCF6E73F06}"
EndProject
Global
	GlobalSection(SolutionConfigurationPlatforms) = preSolution
		Debug|Any CPU = Debug|Any CPU
		Release|Any CPU = Release|Any CPU
	EndGlobalSection
	GlobalSection(ProjectConfigurationPlatforms) = postSolution
		{64D60097-5D41-4490-B595-1D2ED6BCC61C}.Debug|Any CPU.ActiveCfg = Debug|Any CPU
		{64D60097-5D41-4490-B595-1D2ED6BCC61C}.Debug|Any CPU.Build.0 = Debug|Any CPU
		{64D60097-5D41-4490-B595-1D2ED6BCC61C}.Release|Any CPU.ActiveCfg = Release|Any CPU
		{64D60097-5D41-4490-B595-1D2ED6BCC61C}.Release|Any CPU.Build.0 = Release|Any CPU
		{CE66950A-E5A4-4EA7-8D73-08FCF6E73F06}.Debug|Any CPU.ActiveCfg = Debug|Any CPU
		{CE66950A-E5A4-4EA7-8D73-08FCF6E73F06}.Debug|Any CPU.Build.0 = Debug|Any CPU
		{CE66950A-E5A4-4EA7-8D73-08FCF6E73F06}.Release|Any CPU.ActiveCfg = Release|Any CPU
		{CE66950A-E5A4-4EA7-8D73-08FCF6E73F06}.Release|Any CPU.Build.0 = Release|Any CPU
	EndGlobalSection
EndGlobal
