
Microsoft Visual Studio Solution File, Format Version 12.00
Project("{FAE04EC0-301F-11D3-BF4B-00C04F79EFBC}") = "a.Together", "a.Together\a.Together.csproj", "{226EED79-E518-4861-A48A-5D40A7E9DE93}"
EndProject
Project("{FAE04EC0-301F-11D3-BF4B-00C04F79EFBC}") = "b.Seperate", "b.Seperate\b.Seperate.csproj", "{16B4CAEA-6963-4864-804A-673FBADBCB8E}"
EndProject
Project("{FAE04EC0-301F-11D3-BF4B-00C04F79EFBC}") = "c.SsrFramework", "c.SsrFramework\c.SsrFramework.csproj", "{320FB031-9867-4B19-B3E6-DC94DB15E884}"
EndProject
Global
	GlobalSection(SolutionConfigurationPlatforms) = preSolution
		Debug|Any CPU = Debug|Any CPU
		Release|Any CPU = Release|Any CPU
	EndGlobalSection
	GlobalSection(ProjectConfigurationPlatforms) = postSolution
		{226EED79-E518-4861-A48A-5D40A7E9DE93}.Debug|Any CPU.ActiveCfg = Debug|Any CPU
		{226EED79-E518-4861-A48A-5D40A7E9DE93}.Debug|Any CPU.Build.0 = Debug|Any CPU
		{226EED79-E518-4861-A48A-5D40A7E9DE93}.Release|Any CPU.ActiveCfg = Release|Any CPU
		{226EED79-E518-4861-A48A-5D40A7E9DE93}.Release|Any CPU.Build.0 = Release|Any CPU
		{16B4CAEA-6963-4864-804A-673FBADBCB8E}.Debug|Any CPU.ActiveCfg = Debug|Any CPU
		{16B4CAEA-6963-4864-804A-673FBADBCB8E}.Debug|Any CPU.Build.0 = Debug|Any CPU
		{16B4CAEA-6963-4864-804A-673FBADBCB8E}.Release|Any CPU.ActiveCfg = Release|Any CPU
		{16B4CAEA-6963-4864-804A-673FBADBCB8E}.Release|Any CPU.Build.0 = Release|Any CPU
		{320FB031-9867-4B19-B3E6-DC94DB15E884}.Debug|Any CPU.ActiveCfg = Debug|Any CPU
		{320FB031-9867-4B19-B3E6-DC94DB15E884}.Debug|Any CPU.Build.0 = Debug|Any CPU
		{320FB031-9867-4B19-B3E6-DC94DB15E884}.Release|Any CPU.ActiveCfg = Release|Any CPU
		{320FB031-9867-4B19-B3E6-DC94DB15E884}.Release|Any CPU.Build.0 = Release|Any CPU
	EndGlobalSection
EndGlobal
