
Microsoft Visual Studio Solution File, Format Version 12.00
Project("{FAE04EC0-301F-11D3-BF4B-00C04F79EFBC}") = "CookiesAndTokens", "CookiesAndTokens\CookiesAndTokens.csproj", "{361404D8-F8CC-4C1C-B929-645AFE1C19BA}"
EndProject
Global
	GlobalSection(SolutionConfigurationPlatforms) = preSolution
		Debug|Any CPU = Debug|Any CPU
		Release|Any CPU = Release|Any CPU
	EndGlobalSection
	GlobalSection(ProjectConfigurationPlatforms) = postSolution
		{361404D8-F8CC-4C1C-B929-645AFE1C19BA}.Debug|Any CPU.ActiveCfg = Debug|Any CPU
		{361404D8-F8CC-4C1C-B929-645AFE1C19BA}.Debug|Any CPU.Build.0 = Debug|Any CPU
		{361404D8-F8CC-4C1C-B929-645AFE1C19BA}.Release|Any CPU.ActiveCfg = Release|Any CPU
		{361404D8-F8CC-4C1C-B929-645AFE1C19BA}.Release|Any CPU.Build.0 = Release|Any CPU
	EndGlobalSection
EndGlobal
